
Microsoft Visual Studio Solution File, Format Version 11.00
# Visual Studio 2010
Project("{8BC9CEB8-8B4A-11D0-8D11-00A0C91BC942}") = "ResizeImage", "ResizeImage.vcxproj", "{A8523E91-E5C6-4532-A46B-0DF33EC102A0}"
EndProject
Project("{FAE04EC0-301F-11D3-BF4B-00C04F79EFBC}") = "TestResizeImage", "..\TestResizeImage\TestResizeImage.csproj", "{828EF737-BFC3-4980-B463-BACDE0EBEF91}"
EndProject
Global
	GlobalSection(SolutionConfigurationPlatforms) = preSolution
		Debug|Mixed Platforms = Debug|Mixed Platforms
		Debug|Win32 = Debug|Win32
		Debug|x64 = Debug|x64
		Debug|x86 = Debug|x86
		Release|Mixed Platforms = Release|Mixed Platforms
		Release|Win32 = Release|Win32
		Release|x64 = Release|x64
		Release|x86 = Release|x86
	EndGlobalSection
	GlobalSection(ProjectConfigurationPlatforms) = postSolution
		{A8523E91-E5C6-4532-A46B-0DF33EC102A0}.Debug|Mixed Platforms.ActiveCfg = Debug|x64
		{A8523E91-E5C6-4532-A46B-0DF33EC102A0}.Debug|Mixed Platforms.Build.0 = Debug|x64
		{A8523E91-E5C6-4532-A46B-0DF33EC102A0}.Debug|Win32.ActiveCfg = Debug|Win32
		{A8523E91-E5C6-4532-A46B-0DF33EC102A0}.Debug|Win32.Build.0 = Debug|Win32
		{A8523E91-E5C6-4532-A46B-0DF33EC102A0}.Debug|x64.ActiveCfg = Debug|x64
		{A8523E91-E5C6-4532-A46B-0DF33EC102A0}.Debug|x64.Build.0 = Debug|x64
		{A8523E91-E5C6-4532-A46B-0DF33EC102A0}.Debug|x86.ActiveCfg = Debug|x64
		{A8523E91-E5C6-4532-A46B-0DF33EC102A0}.Release|Mixed Platforms.ActiveCfg = Release|x64
		{A8523E91-E5C6-4532-A46B-0DF33EC102A0}.Release|Mixed Platforms.Build.0 = Release|x64
		{A8523E91-E5C6-4532-A46B-0DF33EC102A0}.Release|Win32.ActiveCfg = Release|Win32
		{A8523E91-E5C6-4532-A46B-0DF33EC102A0}.Release|Win32.Build.0 = Release|Win32
		{A8523E91-E5C6-4532-A46B-0DF33EC102A0}.Release|x64.ActiveCfg = Release|x64
		{A8523E91-E5C6-4532-A46B-0DF33EC102A0}.Release|x64.Build.0 = Release|x64
		{A8523E91-E5C6-4532-A46B-0DF33EC102A0}.Release|x86.ActiveCfg = Release|x64
		{828EF737-BFC3-4980-B463-BACDE0EBEF91}.Debug|Mixed Platforms.ActiveCfg = Debug|x86
		{828EF737-BFC3-4980-B463-BACDE0EBEF91}.Debug|Mixed Platforms.Build.0 = Debug|x86
		{828EF737-BFC3-4980-B463-BACDE0EBEF91}.Debug|Win32.ActiveCfg = Debug|x86
		{828EF737-BFC3-4980-B463-BACDE0EBEF91}.Debug|x64.ActiveCfg = Debug|x86
		{828EF737-BFC3-4980-B463-BACDE0EBEF91}.Debug|x86.ActiveCfg = Debug|x86
		{828EF737-BFC3-4980-B463-BACDE0EBEF91}.Debug|x86.Build.0 = Debug|x86
		{828EF737-BFC3-4980-B463-BACDE0EBEF91}.Release|Mixed Platforms.ActiveCfg = Release|x86
		{828EF737-BFC3-4980-B463-BACDE0EBEF91}.Release|Mixed Platforms.Build.0 = Release|x86
		{828EF737-BFC3-4980-B463-BACDE0EBEF91}.Release|Win32.ActiveCfg = Release|x86
		{828EF737-BFC3-4980-B463-BACDE0EBEF91}.Release|x64.ActiveCfg = Release|x86
		{828EF737-BFC3-4980-B463-BACDE0EBEF91}.Release|x86.ActiveCfg = Release|x86
		{828EF737-BFC3-4980-B463-BACDE0EBEF91}.Release|x86.Build.0 = Release|x86
	EndGlobalSection
	GlobalSection(SolutionProperties) = preSolution
		HideSolutionNode = FALSE
	EndGlobalSection
EndGlobal
